// !$*UTF8*$!
{
	archiveVersion = 1;
	classes = {
	};
	objectVersion = 46;
	objects = {

/* Begin PBXBuildFile section */
		85E099941B1CA60800D0E605 /* main.m in Sources */ = {isa = PBXBuildFile; fileRef = 85E099931B1CA60800D0E605 /* main.m */; };
		85E099971B1CA60800D0E605 /* AppDelegate.m in Sources */ = {isa = PBXBuildFile; fileRef = 85E099961B1CA60800D0E605 /* AppDelegate.m */; };
		85E0999A1B1CA60800D0E605 /* ViewController.m in Sources */ = {isa = PBXBuildFile; fileRef = 85E099991B1CA60800D0E605 /* ViewController.m */; };
		85E0999D1B1CA60800D0E605 /* Main.storyboard in Resources */ = {isa = PBXBuildFile; fileRef = 85E0999B1B1CA60800D0E605 /* Main.storyboard */; };
		85E0999F1B1CA60800D0E605 /* Images.xcassets in Resources */ = {isa = PBXBuildFile; fileRef = 85E0999E1B1CA60800D0E605 /* Images.xcassets */; };
		85E099A21B1CA60800D0E605 /* LaunchScreen.xib in Resources */ = {isa = PBXBuildFile; fileRef = 85E099A01B1CA60800D0E605 /* LaunchScreen.xib */; };
		85E099AE1B1CA60800D0E605 /* Just_For_ToolsTests.m in Sources */ = {isa = PBXBuildFile; fileRef = 85E099AD1B1CA60800D0E605 /* Just_For_ToolsTests.m */; };
		85E09B6B1B1CA89D00D0E605 /* NSString+TextSize.m in Sources */ = {isa = PBXBuildFile; fileRef = 85E09B6A1B1CA89D00D0E605 /* NSString+TextSize.m */; };
		85E09B6E1B1CA8A500D0E605 /* UIImage+Tools.m in Sources */ = {isa = PBXBuildFile; fileRef = 85E09B6D1B1CA8A500D0E605 /* UIImage+Tools.m */; };
		85E09B711B1CA8AF00D0E605 /* UIView+XZ.m in Sources */ = {isa = PBXBuildFile; fileRef = 85E09B701B1CA8AF00D0E605 /* UIView+XZ.m */; };
		85E09B741B1CA8B700D0E605 /* UIImage+Resizable.m in Sources */ = {isa = PBXBuildFile; fileRef = 85E09B731B1CA8B700D0E605 /* UIImage+Resizable.m */; };
		85E09B771B1CA8BF00D0E605 /* NSString+Path.m in Sources */ = {isa = PBXBuildFile; fileRef = 85E09B761B1CA8BF00D0E605 /* NSString+Path.m */; };
		85E09B7A1B1CA8C700D0E605 /* CZMultipartFormDataRequest.m in Sources */ = {isa = PBXBuildFile; fileRef = 85E09B791B1CA8C700D0E605 /* CZMultipartFormDataRequest.m */; };
		85E09B7D1B1CA8CE00D0E605 /* NSArray+Log.m in Sources */ = {isa = PBXBuildFile; fileRef = 85E09B7C1B1CA8CE00D0E605 /* NSArray+Log.m */; };
		85E09B801B1CA8D600D0E605 /* NSString+Hash.m in Sources */ = {isa = PBXBuildFile; fileRef = 85E09B7F1B1CA8D600D0E605 /* NSString+Hash.m */; };
/* End PBXBuildFile section */

/* Begin PBXContainerItemProxy section */
		85E099A81B1CA60800D0E605 /* PBXContainerItemProxy */ = {
			isa = PBXContainerItemProxy;
			containerPortal = 85E099861B1CA60800D0E605 /* Project object */;
			proxyType = 1;
			remoteGlobalIDString = 85E0998D1B1CA60800D0E605;
			remoteInfo = "Just For Tools";
		};
/* End PBXContainerItemProxy section */

/* Begin PBXFileReference section */
		85E0998E1B1CA60800D0E605 /* Just For Tools.app */ = {isa = PBXFileReference; explicitFileType = wrapper.application; includeInIndex = 0; path = "Just For Tools.app"; sourceTree = BUILT_PRODUCTS_DIR; };
		85E099921B1CA60800D0E605 /* Info.plist */ = {isa = PBXFileReference; lastKnownFileType = text.plist.xml; path = Info.plist; sourceTree = "<group>"; };
		85E099931B1CA60800D0E605 /* main.m */ = {isa = PBXFileReference; lastKnownFileType = sourcecode.c.objc; path = main.m; sourceTree = "<group>"; };
		85E099951B1CA60800D0E605 /* AppDelegate.h */ = {isa = PBXFileReference; lastKnownFileType = sourcecode.c.h; path = AppDelegate.h; sourceTree = "<group>"; };
		85E099961B1CA60800D0E605 /* AppDelegate.m */ = {isa = PBXFileReference; lastKnownFileType = sourcecode.c.objc; path = AppDelegate.m; sourceTree = "<group>"; };
		85E099981B1CA60800D0E605 /* ViewController.h */ = {isa = PBXFileReference; lastKnownFileType = sourcecode.c.h; path = ViewController.h; sourceTree = "<group>"; };
		85E099991B1CA60800D0E605 /* ViewController.m */ = {isa = PBXFileReference; lastKnownFileType = sourcecode.c.objc; path = ViewController.m; sourceTree = "<group>"; };
		85E0999C1B1CA60800D0E605 /* Base */ = {isa = PBXFileReference; lastKnownFileType = file.storyboard; name = Base; path = Base.lproj/Main.storyboard; sourceTree = "<group>"; };
		85E0999E1B1CA60800D0E605 /* Images.xcassets */ = {isa = PBXFileReference; lastKnownFileType = folder.assetcatalog; path = Images.xcassets; sourceTree = "<group>"; };
		85E099A11B1CA60800D0E605 /* Base */ = {isa = PBXFileReference; lastKnownFileType = file.xib; name = Base; path = Base.lproj/LaunchScreen.xib; sourceTree = "<group>"; };
		85E099A71B1CA60800D0E605 /* Just For ToolsTests.xctest */ = {isa = PBXFileReference; explicitFileType = wrapper.cfbundle; includeInIndex = 0; path = "Just For ToolsTests.xctest"; sourceTree = BUILT_PRODUCTS_DIR; };
		85E099AC1B1CA60800D0E605 /* Info.plist */ = {isa = PBXFileReference; lastKnownFileType = text.plist.xml; path = Info.plist; sourceTree = "<group>"; };
		85E099AD1B1CA60800D0E605 /* Just_For_ToolsTests.m */ = {isa = PBXFileReference; lastKnownFileType = sourcecode.c.objc; path = Just_For_ToolsTests.m; sourceTree = "<group>"; };
		85E09B681B1CA89200D0E605 /* PerformSelector.h */ = {isa = PBXFileReference; lastKnownFileType = sourcecode.c.h; path = PerformSelector.h; sourceTree = "<group>"; };
		85E09B691B1CA89D00D0E605 /* NSString+TextSize.h */ = {isa = PBXFileReference; fileEncoding = 4; lastKnownFileType = sourcecode.c.h; path = "NSString+TextSize.h"; sourceTree = "<group>"; };
		85E09B6A1B1CA89D00D0E605 /* NSString+TextSize.m */ = {isa = PBXFileReference; fileEncoding = 4; lastKnownFileType = sourcecode.c.objc; path = "NSString+TextSize.m"; sourceTree = "<group>"; };
		85E09B6C1B1CA8A500D0E605 /* UIImage+Tools.h */ = {isa = PBXFileReference; fileEncoding = 4; lastKnownFileType = sourcecode.c.h; path = "UIImage+Tools.h"; sourceTree = "<group>"; };
		85E09B6D1B1CA8A500D0E605 /* UIImage+Tools.m */ = {isa = PBXFileReference; fileEncoding = 4; lastKnownFileType = sourcecode.c.objc; path = "UIImage+Tools.m"; sourceTree = "<group>"; };
		85E09B6F1B1CA8AF00D0E605 /* UIView+XZ.h */ = {isa = PBXFileReference; fileEncoding = 4; lastKnownFileType = sourcecode.c.h; path = "UIView+XZ.h"; sourceTree = "<group>"; };
		85E09B701B1CA8AF00D0E605 /* UIView+XZ.m */ = {isa = PBXFileReference; fileEncoding = 4; lastKnownFileType = sourcecode.c.objc; path = "UIView+XZ.m"; sourceTree = "<group>"; };
		85E09B721B1CA8B700D0E605 /* UIImage+Resizable.h */ = {isa = PBXFileReference; fileEncoding = 4; lastKnownFileType = sourcecode.c.h; path = "UIImage+Resizable.h"; sourceTree = "<group>"; };
		85E09B731B1CA8B700D0E605 /* UIImage+Resizable.m */ = {isa = PBXFileReference; fileEncoding = 4; lastKnownFileType = sourcecode.c.objc; path = "UIImage+Resizable.m"; sourceTree = "<group>"; };
		85E09B751B1CA8BF00D0E605 /* NSString+Path.h */ = {isa = PBXFileReference; fileEncoding = 4; lastKnownFileType = sourcecode.c.h; path = "NSString+Path.h"; sourceTree = "<group>"; };
		85E09B761B1CA8BF00D0E605 /* NSString+Path.m */ = {isa = PBXFileReference; fileEncoding = 4; lastKnownFileType = sourcecode.c.objc; path = "NSString+Path.m"; sourceTree = "<group>"; };
		85E09B781B1CA8C700D0E605 /* CZMultipartFormDataRequest.h */ = {isa = PBXFileReference; fileEncoding = 4; lastKnownFileType = sourcecode.c.h; path = CZMultipartFormDataRequest.h; sourceTree = "<group>"; };
		85E09B791B1CA8C700D0E605 /* CZMultipartFormDataRequest.m */ = {isa = PBXFileReference; fileEncoding = 4; lastKnownFileType = sourcecode.c.objc; path = CZMultipartFormDataRequest.m; sourceTree = "<group>"; };
		85E09B7B1B1CA8CE00D0E605 /* NSArray+Log.h */ = {isa = PBXFileReference; fileEncoding = 4; lastKnownFileType = sourcecode.c.h; path = "NSArray+Log.h"; sourceTree = "<group>"; };
		85E09B7C1B1CA8CE00D0E605 /* NSArray+Log.m */ = {isa = PBXFileReference; fileEncoding = 4; lastKnownFileType = sourcecode.c.objc; path = "NSArray+Log.m"; sourceTree = "<group>"; };
		85E09B7E1B1CA8D600D0E605 /* NSString+Hash.h */ = {isa = PBXFileReference; fileEncoding = 4; lastKnownFileType = sourcecode.c.h; path = "NSString+Hash.h"; sourceTree = "<group>"; };
		85E09B7F1B1CA8D600D0E605 /* NSString+Hash.m */ = {isa = PBXFileReference; fileEncoding = 4; lastKnownFileType = sourcecode.c.objc; path = "NSString+Hash.m"; sourceTree = "<group>"; };
/* End PBXFileReference section */

/* Begin PBXFrameworksBuildPhase section */
		85E0998B1B1CA60800D0E605 /* Frameworks */ = {
			isa = PBXFrameworksBuildPhase;
			buildActionMask = 2147483647;
			files = (
			);
			runOnlyForDeploymentPostprocessing = 0;
		};
		85E099A41B1CA60800D0E605 /* Frameworks */ = {
			isa = PBXFrameworksBuildPhase;
			buildActionMask = 2147483647;
			files = (
			);
			runOnlyForDeploymentPostprocessing = 0;
		};
/* End PBXFrameworksBuildPhase section */

/* Begin PBXGroup section */
		85E099851B1CA60800D0E605 = {
			isa = PBXGroup;
			children = (
				85E099901B1CA60800D0E605 /* Just For Tools */,
				85E099AA1B1CA60800D0E605 /* Just For ToolsTests */,
				85E0998F1B1CA60800D0E605 /* Products */,
			);
			sourceTree = "<group>";
		};
		85E0998F1B1CA60800D0E605 /* Products */ = {
			isa = PBXGroup;
			children = (
				85E0998E1B1CA60800D0E605 /* Just For Tools.app */,
				85E099A71B1CA60800D0E605 /* Just For ToolsTests.xctest */,
			);
			name = Products;
			sourceTree = "<group>";
		};
		85E099901B1CA60800D0E605 /* Just For Tools */ = {
			isa = PBXGroup;
			children = (
				85E09B671B1CA87400D0E605 /* category */,
				85E099951B1CA60800D0E605 /* AppDelegate.h */,
				85E099961B1CA60800D0E605 /* AppDelegate.m */,
				85E099981B1CA60800D0E605 /* ViewController.h */,
				85E099991B1CA60800D0E605 /* ViewController.m */,
				85E0999B1B1CA60800D0E605 /* Main.storyboard */,
				85E0999E1B1CA60800D0E605 /* Images.xcassets */,
				85E099A01B1CA60800D0E605 /* LaunchScreen.xib */,
				85E099911B1CA60800D0E605 /* Supporting Files */,
			);
			path = "Just For Tools";
			sourceTree = "<group>";
		};
		85E099911B1CA60800D0E605 /* Supporting Files */ = {
			isa = PBXGroup;
			children = (
				85E099921B1CA60800D0E605 /* Info.plist */,
				85E099931B1CA60800D0E605 /* main.m */,
			);
			name = "Supporting Files";
			sourceTree = "<group>";
		};
		85E099AA1B1CA60800D0E605 /* Just For ToolsTests */ = {
			isa = PBXGroup;
			children = (
				85E099AD1B1CA60800D0E605 /* Just_For_ToolsTests.m */,
				85E099AB1B1CA60800D0E605 /* Supporting Files */,
			);
			path = "Just For ToolsTests";
			sourceTree = "<group>";
		};
		85E099AB1B1CA60800D0E605 /* Supporting Files */ = {
			isa = PBXGroup;
			children = (
				85E099AC1B1CA60800D0E605 /* Info.plist */,
			);
			name = "Supporting Files";
			sourceTree = "<group>";
		};
		85E09B671B1CA87400D0E605 /* category */ = {
			isa = PBXGroup;
			children = (
				85E09B681B1CA89200D0E605 /* PerformSelector.h */,
				85E09B691B1CA89D00D0E605 /* NSString+TextSize.h */,
				85E09B6A1B1CA89D00D0E605 /* NSString+TextSize.m */,
				85E09B6C1B1CA8A500D0E605 /* UIImage+Tools.h */,
				85E09B6D1B1CA8A500D0E605 /* UIImage+Tools.m */,
				85E09B6F1B1CA8AF00D0E605 /* UIView+XZ.h */,
				85E09B701B1CA8AF00D0E605 /* UIView+XZ.m */,
				85E09B721B1CA8B700D0E605 /* UIImage+Resizable.h */,
				85E09B731B1CA8B700D0E605 /* UIImage+Resizable.m */,
				85E09B751B1CA8BF00D0E605 /* NSString+Path.h */,
				85E09B761B1CA8BF00D0E605 /* NSString+Path.m */,
				85E09B781B1CA8C700D0E605 /* CZMultipartFormDataRequest.h */,
				85E09B791B1CA8C700D0E605 /* CZMultipartFormDataRequest.m */,
				85E09B7B1B1CA8CE00D0E605 /* NSArray+Log.h */,
				85E09B7C1B1CA8CE00D0E605 /* NSArray+Log.m */,
				85E09B7E1B1CA8D600D0E605 /* NSString+Hash.h */,
				85E09B7F1B1CA8D600D0E605 /* NSString+Hash.m */,
			);
			name = category;
			sourceTree = "<group>";
		};
/* End PBXGroup section */

/* Begin PBXNativeTarget section */
		85E0998D1B1CA60800D0E605 /* Just For Tools */ = {
			isa = PBXNativeTarget;
			buildConfigurationList = 85E099B11B1CA60800D0E605 /* Build configuration list for PBXNativeTarget "Just For Tools" */;
			buildPhases = (
				85E0998A1B1CA60800D0E605 /* Sources */,
				85E0998B1B1CA60800D0E605 /* Frameworks */,
				85E0998C1B1CA60800D0E605 /* Resources */,
			);
			buildRules = (
			);
			dependencies = (
			);
			name = "Just For Tools";
			productName = "Just For Tools";
			productReference = 85E0998E1B1CA60800D0E605 /* Just For Tools.app */;
			productType = "com.apple.product-type.application";
		};
		85E099A61B1CA60800D0E605 /* Just For ToolsTests */ = {
			isa = PBXNativeTarget;
			buildConfigurationList = 85E099B41B1CA60800D0E605 /* Build configuration list for PBXNativeTarget "Just For ToolsTests" */;
			buildPhases = (
				85E099A31B1CA60800D0E605 /* Sources */,
				85E099A41B1CA60800D0E605 /* Frameworks */,
				85E099A51B1CA60800D0E605 /* Resources */,
			);
			buildRules = (
			);
			dependencies = (
				85E099A91B1CA60800D0E605 /* PBXTargetDependency */,
			);
			name = "Just For ToolsTests";
			productName = "Just For ToolsTests";
			productReference = 85E099A71B1CA60800D0E605 /* Just For ToolsTests.xctest */;
			productType = "com.apple.product-type.bundle.unit-test";
		};
/* End PBXNativeTarget section */

/* Begin PBXProject section */
		85E099861B1CA60800D0E605 /* Project object */ = {
			isa = PBXProject;
			attributes = {
				LastUpgradeCheck = 0630;
				ORGANIZATIONNAME = "黄少华";
				TargetAttributes = {
					85E0998D1B1CA60800D0E605 = {
						CreatedOnToolsVersion = 6.3.1;
					};
					85E099A61B1CA60800D0E605 = {
						CreatedOnToolsVersion = 6.3.1;
						TestTargetID = 85E0998D1B1CA60800D0E605;
					};
				};
			};
			buildConfigurationList = 85E099891B1CA60800D0E605 /* Build configuration list for PBXProject "Just For Tools" */;
			compatibilityVersion = "Xcode 3.2";
			developmentRegion = English;
			hasScannedForEncodings = 0;
			knownRegions = (
				en,
				Base,
			);
			mainGroup = 85E099851B1CA60800D0E605;
			productRefGroup = 85E0998F1B1CA60800D0E605 /* Products */;
			projectDirPath = "";
			projectRoot = "";
			targets = (
				85E0998D1B1CA60800D0E605 /* Just For Tools */,
				85E099A61B1CA60800D0E605 /* Just For ToolsTests */,
			);
		};
/* End PBXProject section */

/* Begin PBXResourcesBuildPhase section */
		85E0998C1B1CA60800D0E605 /* Resources */ = {
			isa = PBXResourcesBuildPhase;
			buildActionMask = 2147483647;
			files = (
				85E0999D1B1CA60800D0E605 /* Main.storyboard in Resources */,
				85E099A21B1CA60800D0E605 /* LaunchScreen.xib in Resources */,
				85E0999F1B1CA60800D0E605 /* Images.xcassets in Resources */,
			);
			runOnlyForDeploymentPostprocessing = 0;
		};
		85E099A51B1CA60800D0E605 /* Resources */ = {
			isa = PBXResourcesBuildPhase;
			buildActionMask = 2147483647;
			files = (
			);
			runOnlyForDeploymentPostprocessing = 0;
		};
/* End PBXResourcesBuildPhase section */

/* Begin PBXSourcesBuildPhase section */
		85E0998A1B1CA60800D0E605 /* Sources */ = {
			isa = PBXSourcesBuildPhase;
			buildActionMask = 2147483647;
			files = (
				85E0999A1B1CA60800D0E605 /* ViewController.m in Sources */,
				85E09B6B1B1CA89D00D0E605 /* NSString+TextSize.m in Sources */,
				85E09B7A1B1CA8C700D0E605 /* CZMultipartFormDataRequest.m in Sources */,
				85E09B801B1CA8D600D0E605 /* NSString+Hash.m in Sources */,
				85E09B771B1CA8BF00D0E605 /* NSString+Path.m in Sources */,
				85E099971B1CA60800D0E605 /* AppDelegate.m in Sources */,
				85E09B7D1B1CA8CE00D0E605 /* NSArray+Log.m in Sources */,
				85E09B6E1B1CA8A500D0E605 /* UIImage+Tools.m in Sources */,
				85E09B711B1CA8AF00D0E605 /* UIView+XZ.m in Sources */,
				85E099941B1CA60800D0E605 /* main.m in Sources */,
				85E09B741B1CA8B700D0E605 /* UIImage+Resizable.m in Sources */,
			);
			runOnlyForDeploymentPostprocessing = 0;
		};
		85E099A31B1CA60800D0E605 /* Sources */ = {
			isa = PBXSourcesBuildPhase;
			buildActionMask = 2147483647;
			files = (
				85E099AE1B1CA60800D0E605 /* Just_For_ToolsTests.m in Sources */,
			);
			runOnlyForDeploymentPostprocessing = 0;
		};
/* End PBXSourcesBuildPhase section */

/* Begin PBXTargetDependency section */
		85E099A91B1CA60800D0E605 /* PBXTargetDependency */ = {
			isa = PBXTargetDependency;
			target = 85E0998D1B1CA60800D0E605 /* Just For Tools */;
			targetProxy = 85E099A81B1CA60800D0E605 /* PBXContainerItemProxy */;
		};
/* End PBXTargetDependency section */

/* Begin PBXVariantGroup section */
		85E0999B1B1CA60800D0E605 /* Main.storyboard */ = {
			isa = PBXVariantGroup;
			children = (
				85E0999C1B1CA60800D0E605 /* Base */,
			);
			name = Main.storyboard;
			sourceTree = "<group>";
		};
		85E099A01B1CA60800D0E605 /* LaunchScreen.xib */ = {
			isa = PBXVariantGroup;
			children = (
				85E099A11B1CA60800D0E605 /* Base */,
			);
			name = LaunchScreen.xib;
			sourceTree = "<group>";
		};
/* End PBXVariantGroup section */

/* Begin XCBuildConfiguration section */
		85E099AF1B1CA60800D0E605 /* Debug */ = {
			isa = XCBuildConfiguration;
			buildSettings = {
				ALWAYS_SEARCH_USER_PATHS = NO;
				CLANG_CXX_LANGUAGE_STANDARD = "gnu++0x";
				CLANG_CXX_LIBRARY = "libc++";
				CLANG_ENABLE_MODULES = YES;
				CLANG_ENABLE_OBJC_ARC = YES;
				CLANG_WARN_BOOL_CONVERSION = YES;
				CLANG_WARN_CONSTANT_CONVERSION = YES;
				CLANG_WARN_DIRECT_OBJC_ISA_USAGE = YES_ERROR;
				CLANG_WARN_EMPTY_BODY = YES;
				CLANG_WARN_ENUM_CONVERSION = YES;
				CLANG_WARN_INT_CONVERSION = YES;
				CLANG_WARN_OBJC_ROOT_CLASS = YES_ERROR;
				CLANG_WARN_UNREACHABLE_CODE = YES;
				CLANG_WARN__DUPLICATE_METHOD_MATCH = YES;
				"CODE_SIGN_IDENTITY[sdk=iphoneos*]" = "iPhone Developer";
				COPY_PHASE_STRIP = NO;
				DEBUG_INFORMATION_FORMAT = "dwarf-with-dsym";
				ENABLE_STRICT_OBJC_MSGSEND = YES;
				GCC_C_LANGUAGE_STANDARD = gnu99;
				GCC_DYNAMIC_NO_PIC = NO;
				GCC_NO_COMMON_BLOCKS = YES;
				GCC_OPTIMIZATION_LEVEL = 0;
				GCC_PREPROCESSOR_DEFINITIONS = (
					"DEBUG=1",
					"$(inherited)",
				);
				GCC_SYMBOLS_PRIVATE_EXTERN = NO;
				GCC_WARN_64_TO_32_BIT_CONVERSION = YES;
				GCC_WARN_ABOUT_RETURN_TYPE = YES_ERROR;
				GCC_WARN_UNDECLARED_SELECTOR = YES;
				GCC_WARN_UNINITIALIZED_AUTOS = YES_AGGRESSIVE;
				GCC_WARN_UNUSED_FUNCTION = YES;
				GCC_WARN_UNUSED_VARIABLE = YES;
				IPHONEOS_DEPLOYMENT_TARGET = 8.3;
				MTL_ENABLE_DEBUG_INFO = YES;
				ONLY_ACTIVE_ARCH = YES;
				SDKROOT = iphoneos;
				TARGETED_DEVICE_FAMILY = "1,2";
			};
			name = Debug;
		};
		85E099B01B1CA60800D0E605 /* Release */ = {
			isa = XCBuildConfiguration;
			buildSettings = {
				ALWAYS_SEARCH_USER_PATHS = NO;
				CLANG_CXX_LANGUAGE_STANDARD = "gnu++0x";
				CLANG_CXX_LIBRARY = "libc++";
				CLANG_ENABLE_MODULES = YES;
				CLANG_ENABLE_OBJC_ARC = YES;
				CLANG_WARN_BOOL_CONVERSION = YES;
				CLANG_WARN_CONSTANT_CONVERSION = YES;
				CLANG_WARN_DIRECT_OBJC_ISA_USAGE = YES_ERROR;
				CLANG_WARN_EMPTY_BODY = YES;
				CLANG_WARN_ENUM_CONVERSION = YES;
				CLANG_WARN_INT_CONVERSION = YES;
				CLANG_WARN_OBJC_ROOT_CLASS = YES_ERROR;
				CLANG_WARN_UNREACHABLE_CODE = YES;
				CLANG_WARN__DUPLICATE_METHOD_MATCH = YES;
				"CODE_SIGN_IDENTITY[sdk=iphoneos*]" = "iPhone Developer";
				COPY_PHASE_STRIP = NO;
				DEBUG_INFORMATION_FORMAT = "dwarf-with-dsym";
				ENABLE_NS_ASSERTIONS = NO;
				ENABLE_STRICT_OBJC_MSGSEND = YES;
				GCC_C_LANGUAGE_STANDARD = gnu99;
				GCC_NO_COMMON_BLOCKS = YES;
				GCC_WARN_64_TO_32_BIT_CONVERSION = YES;
				GCC_WARN_ABOUT_RETURN_TYPE = YES_ERROR;
				GCC_WARN_UNDECLARED_SELECTOR = YES;
				GCC_WARN_UNINITIALIZED_AUTOS = YES_AGGRESSIVE;
				GCC_WARN_UNUSED_FUNCTION = YES;
				GCC_WARN_UNUSED_VARIABLE = YES;
				IPHONEOS_DEPLOYMENT_TARGET = 8.3;
				MTL_ENABLE_DEBUG_INFO = NO;
				SDKROOT = iphoneos;
				TARGETED_DEVICE_FAMILY = "1,2";
				VALIDATE_PRODUCT = YES;
			};
			name = Release;
		};
		85E099B21B1CA60800D0E605 /* Debug */ = {
			isa = XCBuildConfiguration;
			buildSettings = {
				ASSETCATALOG_COMPILER_APPICON_NAME = AppIcon;
				INFOPLIST_FILE = "Just For Tools/Info.plist";
				LD_RUNPATH_SEARCH_PATHS = "$(inherited) @executable_path/Frameworks";
				PRODUCT_NAME = "$(TARGET_NAME)";
			};
			name = Debug;
		};
		85E099B31B1CA60800D0E605 /* Release */ = {
			isa = XCBuildConfiguration;
			buildSettings = {
				ASSETCATALOG_COMPILER_APPICON_NAME = AppIcon;
				INFOPLIST_FILE = "Just For Tools/Info.plist";
				LD_RUNPATH_SEARCH_PATHS = "$(inherited) @executable_path/Frameworks";
				PRODUCT_NAME = "$(TARGET_NAME)";
			};
			name = Release;
		};
		85E099B51B1CA60800D0E605 /* Debug */ = {
			isa = XCBuildConfiguration;
			buildSettings = {
				BUNDLE_LOADER = "$(TEST_HOST)";
				FRAMEWORK_SEARCH_PATHS = (
					"$(SDKROOT)/Developer/Library/Frameworks",
					"$(inherited)",
				);
				GCC_PREPROCESSOR_DEFINITIONS = (
					"DEBUG=1",
					"$(inherited)",
				);
				INFOPLIST_FILE = "Just For ToolsTests/Info.plist";
				LD_RUNPATH_SEARCH_PATHS = "$(inherited) @executable_path/Frameworks @loader_path/Frameworks";
				PRODUCT_NAME = "$(TARGET_NAME)";
				TEST_HOST = "$(BUILT_PRODUCTS_DIR)/Just For Tools.app/Just For Tools";
			};
			name = Debug;
		};
		85E099B61B1CA60800D0E605 /* Release */ = {
			isa = XCBuildConfiguration;
			buildSettings = {
				BUNDLE_LOADER = "$(TEST_HOST)";
				FRAMEWORK_SEARCH_PATHS = (
					"$(SDKROOT)/Developer/Library/Frameworks",
					"$(inherited)",
				);
				INFOPLIST_FILE = "Just For ToolsTests/Info.plist";
				LD_RUNPATH_SEARCH_PATHS = "$(inherited) @executable_path/Frameworks @loader_path/Frameworks";
				PRODUCT_NAME = "$(TARGET_NAME)";
				TEST_HOST = "$(BUILT_PRODUCTS_DIR)/Just For Tools.app/Just For Tools";
			};
			name = Release;
		};
/* End XCBuildConfiguration section */

/* Begin XCConfigurationList section */
		85E099891B1CA60800D0E605 /* Build configuration list for PBXProject "Just For Tools" */ = {
			isa = XCConfigurationList;
			buildConfigurations = (
				85E099AF1B1CA60800D0E605 /* Debug */,
				85E099B01B1CA60800D0E605 /* Release */,
			);
			defaultConfigurationIsVisible = 0;
			defaultConfigurationName = Release;
		};
		85E099B11B1CA60800D0E605 /* Build configuration list for PBXNativeTarget "Just For Tools" */ = {
			isa = XCConfigurationList;
			buildConfigurations = (
				85E099B21B1CA60800D0E605 /* Debug */,
				85E099B31B1CA60800D0E605 /* Release */,
			);
			defaultConfigurationIsVisible = 0;
			defaultConfigurationName = Release;
		};
		85E099B41B1CA60800D0E605 /* Build configuration list for PBXNativeTarget "Just For ToolsTests" */ = {
			isa = XCConfigurationList;
			buildConfigurations = (
				85E099B51B1CA60800D0E605 /* Debug */,
				85E099B61B1CA60800D0E605 /* Release */,
			);
			defaultConfigurationIsVisible = 0;
			defaultConfigurationName = Release;
		};
/* End XCConfigurationList section */
	};
	rootObject = 85E099861B1CA60800D0E605 /* Project object */;
}
